
Microsoft Visual Studio Solution File, Format Version 12.00
# Visual Studio 15
VisualStudioVersion = 15.0.28010.2036
MinimumVisualStudioVersion = 10.0.40219.1
Project("{FAE04EC0-301F-11D3-BF4B-00C04F79EFBC}") = "WebStorePK", "WebStorePK\WebStorePK.csproj", "{2B89B706-B8B4-4D61-BAFF-828FD6D38CE4}"
EndProject
Global
	GlobalSection(SolutionConfigurationPlatforms) = preSolution
		Debug|Any CPU = Debug|Any CPU
		Release|Any CPU = Release|Any CPU
	EndGlobalSection
	GlobalSection(ProjectConfigurationPlatforms) = postSolution
		{2B89B706-B8B4-4D61-BAFF-828FD6D38CE4}.Debug|Any CPU.ActiveCfg = Debug|Any CPU
		{2B89B706-B8B4-4D61-BAFF-828FD6D38CE4}.Debug|Any CPU.Build.0 = Debug|Any CPU
		{2B89B706-B8B4-4D61-BAFF-828FD6D38CE4}.Release|Any CPU.ActiveCfg = Release|Any CPU
		{2B89B706-B8B4-4D61-BAFF-828FD6D38CE4}.Release|Any CPU.Build.0 = Release|Any CPU
	EndGlobalSection
	GlobalSection(SolutionProperties) = preSolution
		HideSolutionNode = FALSE
	EndGlobalSection
	GlobalSection(ExtensibilityGlobals) = postSolution
		SolutionGuid = {5E29D4C5-1C36-4CEB-9436-C149C09A49AD}
	EndGlobalSection
EndGlobal
